
Microsoft Visual Studio Solution File, Format Version 12.00
# Visual Studio 2012
Project("{FAE04EC0-301F-11D3-BF4B-00C04F79EFBC}") = "VS_Player", "VS_Player\VS_Player.csproj", "{F063B150-F21A-4D1B-AFDA-E2DBB8F9D88A}"
EndProject
Global
	GlobalSection(SolutionConfigurationPlatforms) = preSolution
		Debug|Any CPU = Debug|Any CPU
		Release|Any CPU = Release|Any CPU
	EndGlobalSection
	GlobalSection(ProjectConfigurationPlatforms) = postSolution
		{F063B150-F21A-4D1B-AFDA-E2DBB8F9D88A}.Debug|Any CPU.ActiveCfg = Debug|Any CPU
		{F063B150-F21A-4D1B-AFDA-E2DBB8F9D88A}.Debug|Any CPU.Build.0 = Debug|Any CPU
		{F063B150-F21A-4D1B-AFDA-E2DBB8F9D88A}.Release|Any CPU.ActiveCfg = Release|Any CPU
		{F063B150-F21A-4D1B-AFDA-E2DBB8F9D88A}.Release|Any CPU.Build.0 = Release|Any CPU
	EndGlobalSection
	GlobalSection(SolutionProperties) = preSolution
		HideSolutionNode = FALSE
	EndGlobalSection
EndGlobal
